
Microsoft Visual Studio Solution File, Format Version 12.00
# Visual Studio Version 17
VisualStudioVersion = 17.7.34024.191
MinimumVisualStudioVersion = 10.0.40219.1
Project("{9A19103F-16F7-4668-BE54-9A1E7A4F7556}") = "ErpSystem.TruckData.Domain", "ErpSystem.TruckData.Domain\ErpSystem.TruckData.Domain.csproj", "{92433C08-07D2-414D-B028-59D493114F45}"
EndProject
Project("{9A19103F-16F7-4668-BE54-9A1E7A4F7556}") = "ErpSystem.TruckData.Domain.Tests", "ErpSystem.TruckData.Domain.Tests\ErpSystemTruckData.Domain.Tests.csproj", "{3BAB0BAF-1E2B-4C2E-B2DD-3591A298E2C0}"
EndProject
Project("{9A19103F-16F7-4668-BE54-9A1E7A4F7556}") = "ErpSystem.TruckData.Infrastructure", "ErpSystem.TruckData.Infrastructure\ErpSystem.TruckData.Infrastructure.csproj", "{6021C18E-CDD3-4787-9D89-176BF66C3B0F}"
EndProject
Project("{9A19103F-16F7-4668-BE54-9A1E7A4F7556}") = "ErpSystem.TruckData.Contracts", "ErpSystem.TruckData.Contracts\ErpSystem.TruckData.Contracts.csproj", "{715703AC-7A46-4960-888C-CDFDFD433FC3}"
EndProject
Project("{9A19103F-16F7-4668-BE54-9A1E7A4F7556}") = "ErpSystem.TruckData.WebApi", "ErpSystem.TruckData.WebApi\ErpSystem.TruckData.WebApi.csproj", "{CA96B70E-661D-4DF9-925B-639014266A42}"
EndProject
Global
	GlobalSection(SolutionConfigurationPlatforms) = preSolution
		Debug|Any CPU = Debug|Any CPU
		Release|Any CPU = Release|Any CPU
	EndGlobalSection
	GlobalSection(ProjectConfigurationPlatforms) = postSolution
		{92433C08-07D2-414D-B028-59D493114F45}.Debug|Any CPU.ActiveCfg = Debug|Any CPU
		{92433C08-07D2-414D-B028-59D493114F45}.Debug|Any CPU.Build.0 = Debug|Any CPU
		{92433C08-07D2-414D-B028-59D493114F45}.Release|Any CPU.ActiveCfg = Release|Any CPU
		{92433C08-07D2-414D-B028-59D493114F45}.Release|Any CPU.Build.0 = Release|Any CPU
		{3BAB0BAF-1E2B-4C2E-B2DD-3591A298E2C0}.Debug|Any CPU.ActiveCfg = Debug|Any CPU
		{3BAB0BAF-1E2B-4C2E-B2DD-3591A298E2C0}.Debug|Any CPU.Build.0 = Debug|Any CPU
		{3BAB0BAF-1E2B-4C2E-B2DD-3591A298E2C0}.Release|Any CPU.ActiveCfg = Release|Any CPU
		{3BAB0BAF-1E2B-4C2E-B2DD-3591A298E2C0}.Release|Any CPU.Build.0 = Release|Any CPU
		{6021C18E-CDD3-4787-9D89-176BF66C3B0F}.Debug|Any CPU.ActiveCfg = Debug|Any CPU
		{6021C18E-CDD3-4787-9D89-176BF66C3B0F}.Debug|Any CPU.Build.0 = Debug|Any CPU
		{6021C18E-CDD3-4787-9D89-176BF66C3B0F}.Release|Any CPU.ActiveCfg = Release|Any CPU
		{6021C18E-CDD3-4787-9D89-176BF66C3B0F}.Release|Any CPU.Build.0 = Release|Any CPU
		{715703AC-7A46-4960-888C-CDFDFD433FC3}.Debug|Any CPU.ActiveCfg = Debug|Any CPU
		{715703AC-7A46-4960-888C-CDFDFD433FC3}.Debug|Any CPU.Build.0 = Debug|Any CPU
		{715703AC-7A46-4960-888C-CDFDFD433FC3}.Release|Any CPU.ActiveCfg = Release|Any CPU
		{715703AC-7A46-4960-888C-CDFDFD433FC3}.Release|Any CPU.Build.0 = Release|Any CPU
		{CA96B70E-661D-4DF9-925B-639014266A42}.Debug|Any CPU.ActiveCfg = Debug|Any CPU
		{CA96B70E-661D-4DF9-925B-639014266A42}.Debug|Any CPU.Build.0 = Debug|Any CPU
		{CA96B70E-661D-4DF9-925B-639014266A42}.Release|Any CPU.ActiveCfg = Release|Any CPU
		{CA96B70E-661D-4DF9-925B-639014266A42}.Release|Any CPU.Build.0 = Release|Any CPU
	EndGlobalSection
	GlobalSection(SolutionProperties) = preSolution
		HideSolutionNode = FALSE
	EndGlobalSection
	GlobalSection(ExtensibilityGlobals) = postSolution
		SolutionGuid = {98518A51-BF16-4DD4-B82A-22CFD72C0372}
	EndGlobalSection
EndGlobal
